
Microsoft Visual Studio Solution File, Format Version 12.00
# Visual Studio Version 17
VisualStudioVersion = 17.0.32112.339
MinimumVisualStudioVersion = 10.0.40219.1
Project("{8BC9CEB8-8B4A-11D0-8D11-00A0C91BC942}") = "Cuyle_Calculator", "Cuyle_Calculator\Cuyle_Calculator.vcxproj", "{7D16A78E-53F0-4CB6-86D5-0E72F11141FA}"
EndProject
Global
	GlobalSection(SolutionConfigurationPlatforms) = preSolution
		Debug|x64 = Debug|x64
		Debug|x86 = Debug|x86
		Release|x64 = Release|x64
		Release|x86 = Release|x86
	EndGlobalSection
	GlobalSection(ProjectConfigurationPlatforms) = postSolution
		{7D16A78E-53F0-4CB6-86D5-0E72F11141FA}.Debug|x64.ActiveCfg = Debug|x64
		{7D16A78E-53F0-4CB6-86D5-0E72F11141FA}.Debug|x64.Build.0 = Debug|x64
		{7D16A78E-53F0-4CB6-86D5-0E72F11141FA}.Debug|x86.ActiveCfg = Debug|Win32
		{7D16A78E-53F0-4CB6-86D5-0E72F11141FA}.Debug|x86.Build.0 = Debug|Win32
		{7D16A78E-53F0-4CB6-86D5-0E72F11141FA}.Release|x64.ActiveCfg = Release|x64
		{7D16A78E-53F0-4CB6-86D5-0E72F11141FA}.Release|x64.Build.0 = Release|x64
		{7D16A78E-53F0-4CB6-86D5-0E72F11141FA}.Release|x86.ActiveCfg = Release|Win32
		{7D16A78E-53F0-4CB6-86D5-0E72F11141FA}.Release|x86.Build.0 = Release|Win32
	EndGlobalSection
	GlobalSection(SolutionProperties) = preSolution
		HideSolutionNode = FALSE
	EndGlobalSection
	GlobalSection(ExtensibilityGlobals) = postSolution
		SolutionGuid = {F7153404-8EF6-4F85-B08E-600ECBEA891B}
	EndGlobalSection
EndGlobal
